// !$*UTF8*$!
{
	archiveVersion = 1;
	classes = {
	};
	objectVersion = 48;
	objects = {

/* Begin PBXBuildFile section */
		07602C6E2046B1BF00144890 /* SwipeDirection.swift in Sources */ = {isa = PBXBuildFile; fileRef = 07602C6D2046B1BF00144890 /* SwipeDirection.swift */; };
		0782C77A204409BC00BACD00 /* PoiView.swift in Sources */ = {isa = PBXBuildFile; fileRef = 0782C779204409BC00BACD00 /* PoiView.swift */; };
		0782C78220440B0000BACD00 /* AppDelegate.swift in Sources */ = {isa = PBXBuildFile; fileRef = 0782C78120440B0000BACD00 /* AppDelegate.swift */; };
		0782C78420440B0000BACD00 /* ViewController.swift in Sources */ = {isa = PBXBuildFile; fileRef = 0782C78320440B0000BACD00 /* ViewController.swift */; };
		0782C78720440B0000BACD00 /* Main.storyboard in Resources */ = {isa = PBXBuildFile; fileRef = 0782C78520440B0000BACD00 /* Main.storyboard */; };
		0782C78920440B0000BACD00 /* Assets.xcassets in Resources */ = {isa = PBXBuildFile; fileRef = 0782C78820440B0000BACD00 /* Assets.xcassets */; };
		0782C78C20440B0000BACD00 /* LaunchScreen.storyboard in Resources */ = {isa = PBXBuildFile; fileRef = 0782C78A20440B0000BACD00 /* LaunchScreen.storyboard */; };
		0782C79120440B1F00BACD00 /* Poi.framework in Frameworks */ = {isa = PBXBuildFile; fileRef = 07BEC93420440781008715B6 /* Poi.framework */; };
		0782C79220440B1F00BACD00 /* Poi.framework in Embed Frameworks */ = {isa = PBXBuildFile; fileRef = 07BEC93420440781008715B6 /* Poi.framework */; settings = {ATTRIBUTES = (CodeSignOnCopy, RemoveHeadersOnCopy, ); }; };
		07BEC93920440781008715B6 /* Poi.h in Headers */ = {isa = PBXBuildFile; fileRef = 07BEC93720440781008715B6 /* Poi.h */; settings = {ATTRIBUTES = (Public, ); }; };
		07CA5D5A20AD6FC20064C2BF /* Card.swift in Sources */ = {isa = PBXBuildFile; fileRef = 07CA5D5920AD6FC20064C2BF /* Card.swift */; };
		07CA5D5C20AD6FCE0064C2BF /* Card.xib in Resources */ = {isa = PBXBuildFile; fileRef = 07CA5D5B20AD6FCE0064C2BF /* Card.xib */; };
/* End PBXBuildFile section */

/* Begin PBXContainerItemProxy section */
		0782C79320440B1F00BACD00 /* PBXContainerItemProxy */ = {
			isa = PBXContainerItemProxy;
			containerPortal = 07BEC92B20440781008715B6 /* Project object */;
			proxyType = 1;
			remoteGlobalIDString = 07BEC93320440781008715B6;
			remoteInfo = TinderCard;
		};
/* End PBXContainerItemProxy section */

/* Begin PBXCopyFilesBuildPhase section */
		0782C79520440B2000BACD00 /* Embed Frameworks */ = {
			isa = PBXCopyFilesBuildPhase;
			buildActionMask = 2147483647;
			dstPath = "";
			dstSubfolderSpec = 10;
			files = (
				0782C79220440B1F00BACD00 /* Poi.framework in Embed Frameworks */,
			);
			name = "Embed Frameworks";
			runOnlyForDeploymentPostprocessing = 0;
		};
/* End PBXCopyFilesBuildPhase section */

/* Begin PBXFileReference section */
		07602C6D2046B1BF00144890 /* SwipeDirection.swift */ = {isa = PBXFileReference; lastKnownFileType = sourcecode.swift; path = SwipeDirection.swift; sourceTree = "<group>"; };
		0782C779204409BC00BACD00 /* PoiView.swift */ = {isa = PBXFileReference; lastKnownFileType = sourcecode.swift; path = PoiView.swift; sourceTree = "<group>"; };
		0782C77F20440B0000BACD00 /* Example.app */ = {isa = PBXFileReference; explicitFileType = wrapper.application; includeInIndex = 0; path = Example.app; sourceTree = BUILT_PRODUCTS_DIR; };
		0782C78120440B0000BACD00 /* AppDelegate.swift */ = {isa = PBXFileReference; lastKnownFileType = sourcecode.swift; path = AppDelegate.swift; sourceTree = "<group>"; };
		0782C78320440B0000BACD00 /* ViewController.swift */ = {isa = PBXFileReference; lastKnownFileType = sourcecode.swift; path = ViewController.swift; sourceTree = "<group>"; };
		0782C78620440B0000BACD00 /* Base */ = {isa = PBXFileReference; lastKnownFileType = file.storyboard; name = Base; path = Base.lproj/Main.storyboard; sourceTree = "<group>"; };
		0782C78820440B0000BACD00 /* Assets.xcassets */ = {isa = PBXFileReference; lastKnownFileType = folder.assetcatalog; path = Assets.xcassets; sourceTree = "<group>"; };
		0782C78B20440B0000BACD00 /* Base */ = {isa = PBXFileReference; lastKnownFileType = file.storyboard; name = Base; path = Base.lproj/LaunchScreen.storyboard; sourceTree = "<group>"; };
		0782C78D20440B0000BACD00 /* Info.plist */ = {isa = PBXFileReference; lastKnownFileType = text.plist.xml; path = Info.plist; sourceTree = "<group>"; };
		07BEC93420440781008715B6 /* Poi.framework */ = {isa = PBXFileReference; explicitFileType = wrapper.framework; includeInIndex = 0; path = Poi.framework; sourceTree = BUILT_PRODUCTS_DIR; };
		07BEC93720440781008715B6 /* Poi.h */ = {isa = PBXFileReference; lastKnownFileType = sourcecode.c.h; path = Poi.h; sourceTree = "<group>"; };
		07BEC93820440781008715B6 /* Info.plist */ = {isa = PBXFileReference; lastKnownFileType = text.plist.xml; path = Info.plist; sourceTree = "<group>"; };
		07CA5D5920AD6FC20064C2BF /* Card.swift */ = {isa = PBXFileReference; lastKnownFileType = sourcecode.swift; path = Card.swift; sourceTree = "<group>"; };
		07CA5D5B20AD6FCE0064C2BF /* Card.xib */ = {isa = PBXFileReference; lastKnownFileType = file.xib; path = Card.xib; sourceTree = "<group>"; };
/* End PBXFileReference section */

/* Begin PBXFrameworksBuildPhase section */
		0782C77C20440B0000BACD00 /* Frameworks */ = {
			isa = PBXFrameworksBuildPhase;
			buildActionMask = 2147483647;
			files = (
				0782C79120440B1F00BACD00 /* Poi.framework in Frameworks */,
			);
			runOnlyForDeploymentPostprocessing = 0;
		};
		07BEC93020440781008715B6 /* Frameworks */ = {
			isa = PBXFrameworksBuildPhase;
			buildActionMask = 2147483647;
			files = (
			);
			runOnlyForDeploymentPostprocessing = 0;
		};
/* End PBXFrameworksBuildPhase section */

/* Begin PBXGroup section */
		0782C78020440B0000BACD00 /* Example */ = {
			isa = PBXGroup;
			children = (
				07CA5D5D20AD6FD50064C2BF /* View */,
				0782C78120440B0000BACD00 /* AppDelegate.swift */,
				0782C78320440B0000BACD00 /* ViewController.swift */,
				0782C78520440B0000BACD00 /* Main.storyboard */,
				0782C78820440B0000BACD00 /* Assets.xcassets */,
				0782C78A20440B0000BACD00 /* LaunchScreen.storyboard */,
				0782C78D20440B0000BACD00 /* Info.plist */,
			);
			path = Example;
			sourceTree = "<group>";
		};
		07BEC92A20440781008715B6 = {
			isa = PBXGroup;
			children = (
				07BEC93620440781008715B6 /* Poi */,
				0782C78020440B0000BACD00 /* Example */,
				07BEC93520440781008715B6 /* Products */,
			);
			sourceTree = "<group>";
		};
		07BEC93520440781008715B6 /* Products */ = {
			isa = PBXGroup;
			children = (
				07BEC93420440781008715B6 /* Poi.framework */,
				0782C77F20440B0000BACD00 /* Example.app */,
			);
			name = Products;
			sourceTree = "<group>";
		};
		07BEC93620440781008715B6 /* Poi */ = {
			isa = PBXGroup;
			children = (
				07BEC93720440781008715B6 /* Poi.h */,
				07BEC93820440781008715B6 /* Info.plist */,
				0782C779204409BC00BACD00 /* PoiView.swift */,
				07602C6D2046B1BF00144890 /* SwipeDirection.swift */,
			);
			path = Poi;
			sourceTree = "<group>";
		};
		07CA5D5D20AD6FD50064C2BF /* View */ = {
			isa = PBXGroup;
			children = (
				07CA5D5920AD6FC20064C2BF /* Card.swift */,
				07CA5D5B20AD6FCE0064C2BF /* Card.xib */,
			);
			path = View;
			sourceTree = "<group>";
		};
/* End PBXGroup section */

/* Begin PBXHeadersBuildPhase section */
		07BEC93120440781008715B6 /* Headers */ = {
			isa = PBXHeadersBuildPhase;
			buildActionMask = 2147483647;
			files = (
				07BEC93920440781008715B6 /* Poi.h in Headers */,
			);
			runOnlyForDeploymentPostprocessing = 0;
		};
/* End PBXHeadersBuildPhase section */

/* Begin PBXNativeTarget section */
		0782C77E20440B0000BACD00 /* Example */ = {
			isa = PBXNativeTarget;
			buildConfigurationList = 0782C78E20440B0000BACD00 /* Build configuration list for PBXNativeTarget "Example" */;
			buildPhases = (
				0782C77B20440B0000BACD00 /* Sources */,
				0782C77C20440B0000BACD00 /* Frameworks */,
				0782C77D20440B0000BACD00 /* Resources */,
				0782C79520440B2000BACD00 /* Embed Frameworks */,
			);
			buildRules = (
			);
			dependencies = (
				0782C79420440B1F00BACD00 /* PBXTargetDependency */,
			);
			name = Example;
			productName = Example;
			productReference = 0782C77F20440B0000BACD00 /* Example.app */;
			productType = "com.apple.product-type.application";
		};
		07BEC93320440781008715B6 /* Poi */ = {
			isa = PBXNativeTarget;
			buildConfigurationList = 07BEC93C20440781008715B6 /* Build configuration list for PBXNativeTarget "Poi" */;
			buildPhases = (
				07BEC92F20440781008715B6 /* Sources */,
				07BEC93020440781008715B6 /* Frameworks */,
				07BEC93120440781008715B6 /* Headers */,
				07BEC93220440781008715B6 /* Resources */,
			);
			buildRules = (
			);
			dependencies = (
			);
			name = Poi;
			productName = TinderCard;
			productReference = 07BEC93420440781008715B6 /* Poi.framework */;
			productType = "com.apple.product-type.framework";
		};
/* End PBXNativeTarget section */

/* Begin PBXProject section */
		07BEC92B20440781008715B6 /* Project object */ = {
			isa = PBXProject;
			attributes = {
				LastSwiftUpdateCheck = 0920;
				LastUpgradeCheck = 0920;
				ORGANIZATIONNAME = HideakiTouhara;
				TargetAttributes = {
					0782C77E20440B0000BACD00 = {
						CreatedOnToolsVersion = 9.2;
						ProvisioningStyle = Automatic;
					};
					07BEC93320440781008715B6 = {
						CreatedOnToolsVersion = 9.2;
						LastSwiftMigration = 0920;
						ProvisioningStyle = Automatic;
					};
				};
			};
			buildConfigurationList = 07BEC92E20440781008715B6 /* Build configuration list for PBXProject "Poi" */;
			compatibilityVersion = "Xcode 8.0";
			developmentRegion = en;
			hasScannedForEncodings = 0;
			knownRegions = (
				en,
				Base,
			);
			mainGroup = 07BEC92A20440781008715B6;
			productRefGroup = 07BEC93520440781008715B6 /* Products */;
			projectDirPath = "";
			projectRoot = "";
			targets = (
				07BEC93320440781008715B6 /* Poi */,
				0782C77E20440B0000BACD00 /* Example */,
			);
		};
/* End PBXProject section */

/* Begin PBXResourcesBuildPhase section */
		0782C77D20440B0000BACD00 /* Resources */ = {
			isa = PBXResourcesBuildPhase;
			buildActionMask = 2147483647;
			files = (
				0782C78C20440B0000BACD00 /* LaunchScreen.storyboard in Resources */,
				0782C78920440B0000BACD00 /* Assets.xcassets in Resources */,
				0782C78720440B0000BACD00 /* Main.storyboard in Resources */,
				07CA5D5C20AD6FCE0064C2BF /* Card.xib in Resources */,
			);
			runOnlyForDeploymentPostprocessing = 0;
		};
		07BEC93220440781008715B6 /* Resources */ = {
			isa = PBXResourcesBuildPhase;
			buildActionMask = 2147483647;
			files = (
			);
			runOnlyForDeploymentPostprocessing = 0;
		};
/* End PBXResourcesBuildPhase section */

/* Begin PBXSourcesBuildPhase section */
		0782C77B20440B0000BACD00 /* Sources */ = {
			isa = PBXSourcesBuildPhase;
			buildActionMask = 2147483647;
			files = (
				0782C78420440B0000BACD00 /* ViewController.swift in Sources */,
				07CA5D5A20AD6FC20064C2BF /* Card.swift in Sources */,
				0782C78220440B0000BACD00 /* AppDelegate.swift in Sources */,
			);
			runOnlyForDeploymentPostprocessing = 0;
		};
		07BEC92F20440781008715B6 /* Sources */ = {
			isa = PBXSourcesBuildPhase;
			buildActionMask = 2147483647;
			files = (
				07602C6E2046B1BF00144890 /* SwipeDirection.swift in Sources */,
				0782C77A204409BC00BACD00 /* PoiView.swift in Sources */,
			);
			runOnlyForDeploymentPostprocessing = 0;
		};
/* End PBXSourcesBuildPhase section */

/* Begin PBXTargetDependency section */
		0782C79420440B1F00BACD00 /* PBXTargetDependency */ = {
			isa = PBXTargetDependency;
			target = 07BEC93320440781008715B6 /* Poi */;
			targetProxy = 0782C79320440B1F00BACD00 /* PBXContainerItemProxy */;
		};
/* End PBXTargetDependency section */

/* Begin PBXVariantGroup section */
		0782C78520440B0000BACD00 /* Main.storyboard */ = {
			isa = PBXVariantGroup;
			children = (
				0782C78620440B0000BACD00 /* Base */,
			);
			name = Main.storyboard;
			sourceTree = "<group>";
		};
		0782C78A20440B0000BACD00 /* LaunchScreen.storyboard */ = {
			isa = PBXVariantGroup;
			children = (
				0782C78B20440B0000BACD00 /* Base */,
			);
			name = LaunchScreen.storyboard;
			sourceTree = "<group>";
		};
/* End PBXVariantGroup section */

/* Begin XCBuildConfiguration section */
		0782C78F20440B0000BACD00 /* Debug */ = {
			isa = XCBuildConfiguration;
			buildSettings = {
				ALWAYS_EMBED_SWIFT_STANDARD_LIBRARIES = YES;
				ASSETCATALOG_COMPILER_APPICON_NAME = AppIcon;
				CODE_SIGN_STYLE = Automatic;
				DEVELOPMENT_TEAM = QG4UUMT2SM;
				INFOPLIST_FILE = Example/Info.plist;
				LD_RUNPATH_SEARCH_PATHS = "$(inherited) @executable_path/Frameworks";
				PRODUCT_BUNDLE_IDENTIFIER = "com.-HideakiTouhara.Example";
				PRODUCT_NAME = "$(TARGET_NAME)";
				SWIFT_VERSION = 4.0;
				TARGETED_DEVICE_FAMILY = "1,2";
			};
			name = Debug;
		};
		0782C79020440B0000BACD00 /* Release */ = {
			isa = XCBuildConfiguration;
			buildSettings = {
				ALWAYS_EMBED_SWIFT_STANDARD_LIBRARIES = YES;
				ASSETCATALOG_COMPILER_APPICON_NAME = AppIcon;
				CODE_SIGN_STYLE = Automatic;
				DEVELOPMENT_TEAM = QG4UUMT2SM;
				INFOPLIST_FILE = Example/Info.plist;
				LD_RUNPATH_SEARCH_PATHS = "$(inherited) @executable_path/Frameworks";
				PRODUCT_BUNDLE_IDENTIFIER = "com.-HideakiTouhara.Example";
				PRODUCT_NAME = "$(TARGET_NAME)";
				SWIFT_VERSION = 4.0;
				TARGETED_DEVICE_FAMILY = "1,2";
			};
			name = Release;
		};
		07BEC93A20440781008715B6 /* Debug */ = {
			isa = XCBuildConfiguration;
			buildSettings = {
				ALWAYS_SEARCH_USER_PATHS = NO;
				CLANG_ANALYZER_NONNULL = YES;
				CLANG_ANALYZER_NUMBER_OBJECT_CONVERSION = YES_AGGRESSIVE;
				CLANG_CXX_LANGUAGE_STANDARD = "gnu++14";
				CLANG_CXX_LIBRARY = "libc++";
				CLANG_ENABLE_MODULES = YES;
				CLANG_ENABLE_OBJC_ARC = YES;
				CLANG_WARN_BLOCK_CAPTURE_AUTORELEASING = YES;
				CLANG_WARN_BOOL_CONVERSION = YES;
				CLANG_WARN_COMMA = YES;
				CLANG_WARN_CONSTANT_CONVERSION = YES;
				CLANG_WARN_DIRECT_OBJC_ISA_USAGE = YES_ERROR;
				CLANG_WARN_DOCUMENTATION_COMMENTS = YES;
				CLANG_WARN_EMPTY_BODY = YES;
				CLANG_WARN_ENUM_CONVERSION = YES;
				CLANG_WARN_INFINITE_RECURSION = YES;
				CLANG_WARN_INT_CONVERSION = YES;
				CLANG_WARN_NON_LITERAL_NULL_CONVERSION = YES;
				CLANG_WARN_OBJC_LITERAL_CONVERSION = YES;
				CLANG_WARN_OBJC_ROOT_CLASS = YES_ERROR;
				CLANG_WARN_RANGE_LOOP_ANALYSIS = YES;
				CLANG_WARN_STRICT_PROTOTYPES = YES;
				CLANG_WARN_SUSPICIOUS_MOVE = YES;
				CLANG_WARN_UNGUARDED_AVAILABILITY = YES_AGGRESSIVE;
				CLANG_WARN_UNREACHABLE_CODE = YES;
				CLANG_WARN__DUPLICATE_METHOD_MATCH = YES;
				CODE_SIGN_IDENTITY = "iPhone Developer";
				COPY_PHASE_STRIP = NO;
				CURRENT_PROJECT_VERSION = 1;
				DEBUG_INFORMATION_FORMAT = dwarf;
				ENABLE_STRICT_OBJC_MSGSEND = YES;
				ENABLE_TESTABILITY = YES;
				GCC_C_LANGUAGE_STANDARD = gnu11;
				GCC_DYNAMIC_NO_PIC = NO;
				GCC_NO_COMMON_BLOCKS = YES;
				GCC_OPTIMIZATION_LEVEL = 0;
				GCC_PREPROCESSOR_DEFINITIONS = (
					"DEBUG=1",
					"$(inherited)",
				);
				GCC_WARN_64_TO_32_BIT_CONVERSION = YES;
				GCC_WARN_ABOUT_RETURN_TYPE = YES_ERROR;
				GCC_WARN_UNDECLARED_SELECTOR = YES;
				GCC_WARN_UNINITIALIZED_AUTOS = YES_AGGRESSIVE;
				GCC_WARN_UNUSED_FUNCTION = YES;
				GCC_WARN_UNUSED_VARIABLE = YES;
				IPHONEOS_DEPLOYMENT_TARGET = 11.2;
				MTL_ENABLE_DEBUG_INFO = YES;
				ONLY_ACTIVE_ARCH = YES;
				SDKROOT = iphoneos;
				SWIFT_ACTIVE_COMPILATION_CONDITIONS = DEBUG;
				SWIFT_OPTIMIZATION_LEVEL = "-Onone";
				VERSIONING_SYSTEM = "apple-generic";
				VERSION_INFO_PREFIX = "";
			};
			name = Debug;
		};
		07BEC93B20440781008715B6 /* Release */ = {
			isa = XCBuildConfiguration;
			buildSettings = {
				ALWAYS_SEARCH_USER_PATHS = NO;
				CLANG_ANALYZER_NONNULL = YES;
				CLANG_ANALYZER_NUMBER_OBJECT_CONVERSION = YES_AGGRESSIVE;
				CLANG_CXX_LANGUAGE_STANDARD = "gnu++14";
				CLANG_CXX_LIBRARY = "libc++";
				CLANG_ENABLE_MODULES = YES;
				CLANG_ENABLE_OBJC_ARC = YES;
				CLANG_WARN_BLOCK_CAPTURE_AUTORELEASING = YES;
				CLANG_WARN_BOOL_CONVERSION = YES;
				CLANG_WARN_COMMA = YES;
				CLANG_WARN_CONSTANT_CONVERSION = YES;
				CLANG_WARN_DIRECT_OBJC_ISA_USAGE = YES_ERROR;
				CLANG_WARN_DOCUMENTATION_COMMENTS = YES;
				CLANG_WARN_EMPTY_BODY = YES;
				CLANG_WARN_ENUM_CONVERSION = YES;
				CLANG_WARN_INFINITE_RECURSION = YES;
				CLANG_WARN_INT_CONVERSION = YES;
				CLANG_WARN_NON_LITERAL_NULL_CONVERSION = YES;
				CLANG_WARN_OBJC_LITERAL_CONVERSION = YES;
				CLANG_WARN_OBJC_ROOT_CLASS = YES_ERROR;
				CLANG_WARN_RANGE_LOOP_ANALYSIS = YES;
				CLANG_WARN_STRICT_PROTOTYPES = YES;
				CLANG_WARN_SUSPICIOUS_MOVE = YES;
				CLANG_WARN_UNGUARDED_AVAILABILITY = YES_AGGRESSIVE;
				CLANG_WARN_UNREACHABLE_CODE = YES;
				CLANG_WARN__DUPLICATE_METHOD_MATCH = YES;
				CODE_SIGN_IDENTITY = "iPhone Developer";
				COPY_PHASE_STRIP = NO;
				CURRENT_PROJECT_VERSION = 1;
				DEBUG_INFORMATION_FORMAT = "dwarf-with-dsym";
				ENABLE_NS_ASSERTIONS = NO;
				ENABLE_STRICT_OBJC_MSGSEND = YES;
				GCC_C_LANGUAGE_STANDARD = gnu11;
				GCC_NO_COMMON_BLOCKS = YES;
				GCC_WARN_64_TO_32_BIT_CONVERSION = YES;
				GCC_WARN_ABOUT_RETURN_TYPE = YES_ERROR;
				GCC_WARN_UNDECLARED_SELECTOR = YES;
				GCC_WARN_UNINITIALIZED_AUTOS = YES_AGGRESSIVE;
				GCC_WARN_UNUSED_FUNCTION = YES;
				GCC_WARN_UNUSED_VARIABLE = YES;
				IPHONEOS_DEPLOYMENT_TARGET = 11.2;
				MTL_ENABLE_DEBUG_INFO = NO;
				SDKROOT = iphoneos;
				SWIFT_OPTIMIZATION_LEVEL = "-Owholemodule";
				VALIDATE_PRODUCT = YES;
				VERSIONING_SYSTEM = "apple-generic";
				VERSION_INFO_PREFIX = "";
			};
			name = Release;
		};
		07BEC93D20440781008715B6 /* Debug */ = {
			isa = XCBuildConfiguration;
			buildSettings = {
				CLANG_ENABLE_MODULES = YES;
				CODE_SIGN_IDENTITY = "";
				CODE_SIGN_STYLE = Automatic;
				DEFINES_MODULE = YES;
				DEVELOPMENT_TEAM = QG4UUMT2SM;
				DYLIB_COMPATIBILITY_VERSION = 1;
				DYLIB_CURRENT_VERSION = 1;
				DYLIB_INSTALL_NAME_BASE = "@rpath";
				INFOPLIST_FILE = Poi/Info.plist;
				INSTALL_PATH = "$(LOCAL_LIBRARY_DIR)/Frameworks";
				LD_RUNPATH_SEARCH_PATHS = "$(inherited) @executable_path/Frameworks @loader_path/Frameworks";
				PRODUCT_BUNDLE_IDENTIFIER = "com.-HideakiTouhara.Poi";
				PRODUCT_NAME = "$(TARGET_NAME:c99extidentifier)";
				SKIP_INSTALL = YES;
				SWIFT_OPTIMIZATION_LEVEL = "-Onone";
				SWIFT_VERSION = 4.0;
				TARGETED_DEVICE_FAMILY = "1,2";
			};
			name = Debug;
		};
		07BEC93E20440781008715B6 /* Release */ = {
			isa = XCBuildConfiguration;
			buildSettings = {
				CLANG_ENABLE_MODULES = YES;
				CODE_SIGN_IDENTITY = "";
				CODE_SIGN_STYLE = Automatic;
				DEFINES_MODULE = YES;
				DEVELOPMENT_TEAM = QG4UUMT2SM;
				DYLIB_COMPATIBILITY_VERSION = 1;
				DYLIB_CURRENT_VERSION = 1;
				DYLIB_INSTALL_NAME_BASE = "@rpath";
				INFOPLIST_FILE = Poi/Info.plist;
				INSTALL_PATH = "$(LOCAL_LIBRARY_DIR)/Frameworks";
				LD_RUNPATH_SEARCH_PATHS = "$(inherited) @executable_path/Frameworks @loader_path/Frameworks";
				PRODUCT_BUNDLE_IDENTIFIER = "com.-HideakiTouhara.Poi";
				PRODUCT_NAME = "$(TARGET_NAME:c99extidentifier)";
				SKIP_INSTALL = YES;
				SWIFT_VERSION = 4.0;
				TARGETED_DEVICE_FAMILY = "1,2";
			};
			name = Release;
		};
/* End XCBuildConfiguration section */

/* Begin XCConfigurationList section */
		0782C78E20440B0000BACD00 /* Build configuration list for PBXNativeTarget "Example" */ = {
			isa = XCConfigurationList;
			buildConfigurations = (
				0782C78F20440B0000BACD00 /* Debug */,
				0782C79020440B0000BACD00 /* Release */,
			);
			defaultConfigurationIsVisible = 0;
			defaultConfigurationName = Release;
		};
		07BEC92E20440781008715B6 /* Build configuration list for PBXProject "Poi" */ = {
			isa = XCConfigurationList;
			buildConfigurations = (
				07BEC93A20440781008715B6 /* Debug */,
				07BEC93B20440781008715B6 /* Release */,
			);
			defaultConfigurationIsVisible = 0;
			defaultConfigurationName = Release;
		};
		07BEC93C20440781008715B6 /* Build configuration list for PBXNativeTarget "Poi" */ = {
			isa = XCConfigurationList;
			buildConfigurations = (
				07BEC93D20440781008715B6 /* Debug */,
				07BEC93E20440781008715B6 /* Release */,
			);
			defaultConfigurationIsVisible = 0;
			defaultConfigurationName = Release;
		};
/* End XCConfigurationList section */
	};
	rootObject = 07BEC92B20440781008715B6 /* Project object */;
}
